// !$*UTF8*$!
{
	archiveVersion = 1;
	classes = {
	};
	objectVersion = 50;
	objects = {

/* Begin PBXBuildFile section */
		7517835023151E1500AFCFC9 /* AppDelegate.m in Sources */ = {isa = PBXBuildFile; fileRef = 7517834F23151E1500AFCFC9 /* AppDelegate.m */; };
		7517835323151E1500AFCFC9 /* ViewController.m in Sources */ = {isa = PBXBuildFile; fileRef = 7517835223151E1500AFCFC9 /* ViewController.m */; };
		7517835623151E1500AFCFC9 /* Main.storyboard in Resources */ = {isa = PBXBuildFile; fileRef = 7517835423151E1500AFCFC9 /* Main.storyboard */; };
		7517835823151E1800AFCFC9 /* Assets.xcassets in Resources */ = {isa = PBXBuildFile; fileRef = 7517835723151E1800AFCFC9 /* Assets.xcassets */; };
		7517835E23151E1800AFCFC9 /* main.m in Sources */ = {isa = PBXBuildFile; fileRef = 7517835D23151E1800AFCFC9 /* main.m */; };
		751783662315256900AFCFC9 /* ZPPerson.m in Sources */ = {isa = PBXBuildFile; fileRef = 751783652315256900AFCFC9 /* ZPPerson.m */; };
/* End PBXBuildFile section */

/* Begin PBXFileReference section */
		7517834B23151E1400AFCFC9 /* 内存管理1.app */ = {isa = PBXFileReference; explicitFileType = wrapper.application; includeInIndex = 0; path = "内存管理1.app"; sourceTree = BUILT_PRODUCTS_DIR; };
		7517834E23151E1500AFCFC9 /* AppDelegate.h */ = {isa = PBXFileReference; lastKnownFileType = sourcecode.c.h; path = AppDelegate.h; sourceTree = "<group>"; };
		7517834F23151E1500AFCFC9 /* AppDelegate.m */ = {isa = PBXFileReference; lastKnownFileType = sourcecode.c.objc; path = AppDelegate.m; sourceTree = "<group>"; };
		7517835123151E1500AFCFC9 /* ViewController.h */ = {isa = PBXFileReference; lastKnownFileType = sourcecode.c.h; path = ViewController.h; sourceTree = "<group>"; };
		7517835223151E1500AFCFC9 /* ViewController.m */ = {isa = PBXFileReference; lastKnownFileType = sourcecode.c.objc; path = ViewController.m; sourceTree = "<group>"; };
		7517835523151E1500AFCFC9 /* Base */ = {isa = PBXFileReference; lastKnownFileType = file.storyboard; name = Base; path = Base.lproj/Main.storyboard; sourceTree = "<group>"; };
		7517835723151E1800AFCFC9 /* Assets.xcassets */ = {isa = PBXFileReference; lastKnownFileType = folder.assetcatalog; path = Assets.xcassets; sourceTree = "<group>"; };
		7517835C23151E1800AFCFC9 /* Info.plist */ = {isa = PBXFileReference; lastKnownFileType = text.plist.xml; path = Info.plist; sourceTree = "<group>"; };
		7517835D23151E1800AFCFC9 /* main.m */ = {isa = PBXFileReference; lastKnownFileType = sourcecode.c.objc; path = main.m; sourceTree = "<group>"; };
		751783642315256900AFCFC9 /* ZPPerson.h */ = {isa = PBXFileReference; lastKnownFileType = sourcecode.c.h; path = ZPPerson.h; sourceTree = "<group>"; };
		751783652315256900AFCFC9 /* ZPPerson.m */ = {isa = PBXFileReference; lastKnownFileType = sourcecode.c.objc; path = ZPPerson.m; sourceTree = "<group>"; };
/* End PBXFileReference section */

/* Begin PBXFrameworksBuildPhase section */
		7517834823151E1400AFCFC9 /* Frameworks */ = {
			isa = PBXFrameworksBuildPhase;
			buildActionMask = 2147483647;
			files = (
			);
			runOnlyForDeploymentPostprocessing = 0;
		};
/* End PBXFrameworksBuildPhase section */

/* Begin PBXGroup section */
		7517834223151E1400AFCFC9 = {
			isa = PBXGroup;
			children = (
				7517834D23151E1400AFCFC9 /* 内存管理1 */,
				7517834C23151E1400AFCFC9 /* Products */,
			);
			sourceTree = "<group>";
		};
		7517834C23151E1400AFCFC9 /* Products */ = {
			isa = PBXGroup;
			children = (
				7517834B23151E1400AFCFC9 /* 内存管理1.app */,
			);
			name = Products;
			sourceTree = "<group>";
		};
		7517834D23151E1400AFCFC9 /* 内存管理1 */ = {
			isa = PBXGroup;
			children = (
				7517834E23151E1500AFCFC9 /* AppDelegate.h */,
				7517834F23151E1500AFCFC9 /* AppDelegate.m */,
				7517835123151E1500AFCFC9 /* ViewController.h */,
				7517835223151E1500AFCFC9 /* ViewController.m */,
				751783642315256900AFCFC9 /* ZPPerson.h */,
				751783652315256900AFCFC9 /* ZPPerson.m */,
				7517835423151E1500AFCFC9 /* Main.storyboard */,
				7517835723151E1800AFCFC9 /* Assets.xcassets */,
				7517835C23151E1800AFCFC9 /* Info.plist */,
				7517835D23151E1800AFCFC9 /* main.m */,
			);
			path = "内存管理1";
			sourceTree = "<group>";
		};
/* End PBXGroup section */

/* Begin PBXNativeTarget section */
		7517834A23151E1400AFCFC9 /* 内存管理1 */ = {
			isa = PBXNativeTarget;
			buildConfigurationList = 7517836123151E1800AFCFC9 /* Build configuration list for PBXNativeTarget "内存管理1" */;
			buildPhases = (
				7517834723151E1400AFCFC9 /* Sources */,
				7517834823151E1400AFCFC9 /* Frameworks */,
				7517834923151E1400AFCFC9 /* Resources */,
			);
			buildRules = (
			);
			dependencies = (
			);
			name = "内存管理1";
			productName = "内存管理1";
			productReference = 7517834B23151E1400AFCFC9 /* 内存管理1.app */;
			productType = "com.apple.product-type.application";
		};
/* End PBXNativeTarget section */

/* Begin PBXProject section */
		7517834323151E1400AFCFC9 /* Project object */ = {
			isa = PBXProject;
			attributes = {
				CLASSPREFIX = ZP;
				LastUpgradeCheck = 1030;
				ORGANIZATIONNAME = "赵鹏";
				TargetAttributes = {
					7517834A23151E1400AFCFC9 = {
						CreatedOnToolsVersion = 10.3;
					};
				};
			};
			buildConfigurationList = 7517834623151E1400AFCFC9 /* Build configuration list for PBXProject "内存管理1" */;
			compatibilityVersion = "Xcode 9.3";
			developmentRegion = en;
			hasScannedForEncodings = 0;
			knownRegions = (
				en,
				Base,
			);
			mainGroup = 7517834223151E1400AFCFC9;
			productRefGroup = 7517834C23151E1400AFCFC9 /* Products */;
			projectDirPath = "";
			projectRoot = "";
			targets = (
				7517834A23151E1400AFCFC9 /* 内存管理1 */,
			);
		};
/* End PBXProject section */

/* Begin PBXResourcesBuildPhase section */
		7517834923151E1400AFCFC9 /* Resources */ = {
			isa = PBXResourcesBuildPhase;
			buildActionMask = 2147483647;
			files = (
				7517835823151E1800AFCFC9 /* Assets.xcassets in Resources */,
				7517835623151E1500AFCFC9 /* Main.storyboard in Resources */,
			);
			runOnlyForDeploymentPostprocessing = 0;
		};
/* End PBXResourcesBuildPhase section */

/* Begin PBXSourcesBuildPhase section */
		7517834723151E1400AFCFC9 /* Sources */ = {
			isa = PBXSourcesBuildPhase;
			buildActionMask = 2147483647;
			files = (
				7517835323151E1500AFCFC9 /* ViewController.m in Sources */,
				7517835E23151E1800AFCFC9 /* main.m in Sources */,
				751783662315256900AFCFC9 /* ZPPerson.m in Sources */,
				7517835023151E1500AFCFC9 /* AppDelegate.m in Sources */,
			);
			runOnlyForDeploymentPostprocessing = 0;
		};
/* End PBXSourcesBuildPhase section */

/* Begin PBXVariantGroup section */
		7517835423151E1500AFCFC9 /* Main.storyboard */ = {
			isa = PBXVariantGroup;
			children = (
				7517835523151E1500AFCFC9 /* Base */,
			);
			name = Main.storyboard;
			sourceTree = "<group>";
		};
/* End PBXVariantGroup section */

/* Begin XCBuildConfiguration section */
		7517835F23151E1800AFCFC9 /* Debug */ = {
			isa = XCBuildConfiguration;
			buildSettings = {
				ALWAYS_SEARCH_USER_PATHS = NO;
				CLANG_ANALYZER_NONNULL = YES;
				CLANG_ANALYZER_NUMBER_OBJECT_CONVERSION = YES_AGGRESSIVE;
				CLANG_CXX_LANGUAGE_STANDARD = "gnu++14";
				CLANG_CXX_LIBRARY = "libc++";
				CLANG_ENABLE_MODULES = YES;
				CLANG_ENABLE_OBJC_ARC = YES;
				CLANG_ENABLE_OBJC_WEAK = YES;
				CLANG_WARN_BLOCK_CAPTURE_AUTORELEASING = YES;
				CLANG_WARN_BOOL_CONVERSION = YES;
				CLANG_WARN_COMMA = YES;
				CLANG_WARN_CONSTANT_CONVERSION = YES;
				CLANG_WARN_DEPRECATED_OBJC_IMPLEMENTATIONS = YES;
				CLANG_WARN_DIRECT_OBJC_ISA_USAGE = YES_ERROR;
				CLANG_WARN_DOCUMENTATION_COMMENTS = YES;
				CLANG_WARN_EMPTY_BODY = YES;
				CLANG_WARN_ENUM_CONVERSION = YES;
				CLANG_WARN_INFINITE_RECURSION = YES;
				CLANG_WARN_INT_CONVERSION = YES;
				CLANG_WARN_NON_LITERAL_NULL_CONVERSION = YES;
				CLANG_WARN_OBJC_IMPLICIT_RETAIN_SELF = YES;
				CLANG_WARN_OBJC_LITERAL_CONVERSION = YES;
				CLANG_WARN_OBJC_ROOT_CLASS = YES_ERROR;
				CLANG_WARN_RANGE_LOOP_ANALYSIS = YES;
				CLANG_WARN_STRICT_PROTOTYPES = YES;
				CLANG_WARN_SUSPICIOUS_MOVE = YES;
				CLANG_WARN_UNGUARDED_AVAILABILITY = YES_AGGRESSIVE;
				CLANG_WARN_UNREACHABLE_CODE = YES;
				CLANG_WARN__DUPLICATE_METHOD_MATCH = YES;
				CODE_SIGN_IDENTITY = "iPhone Developer";
				COPY_PHASE_STRIP = NO;
				DEBUG_INFORMATION_FORMAT = dwarf;
				ENABLE_STRICT_OBJC_MSGSEND = YES;
				ENABLE_TESTABILITY = YES;
				GCC_C_LANGUAGE_STANDARD = gnu11;
				GCC_DYNAMIC_NO_PIC = NO;
				GCC_NO_COMMON_BLOCKS = YES;
				GCC_OPTIMIZATION_LEVEL = 0;
				GCC_PREPROCESSOR_DEFINITIONS = (
					"DEBUG=1",
					"$(inherited)",
				);
				GCC_WARN_64_TO_32_BIT_CONVERSION = YES;
				GCC_WARN_ABOUT_RETURN_TYPE = YES_ERROR;
				GCC_WARN_UNDECLARED_SELECTOR = YES;
				GCC_WARN_UNINITIALIZED_AUTOS = YES_AGGRESSIVE;
				GCC_WARN_UNUSED_FUNCTION = YES;
				GCC_WARN_UNUSED_VARIABLE = YES;
				IPHONEOS_DEPLOYMENT_TARGET = 12.4;
				MTL_ENABLE_DEBUG_INFO = INCLUDE_SOURCE;
				MTL_FAST_MATH = YES;
				ONLY_ACTIVE_ARCH = YES;
				SDKROOT = iphoneos;
			};
			name = Debug;
		};
		7517836023151E1800AFCFC9 /* Release */ = {
			isa = XCBuildConfiguration;
			buildSettings = {
				ALWAYS_SEARCH_USER_PATHS = NO;
				CLANG_ANALYZER_NONNULL = YES;
				CLANG_ANALYZER_NUMBER_OBJECT_CONVERSION = YES_AGGRESSIVE;
				CLANG_CXX_LANGUAGE_STANDARD = "gnu++14";
				CLANG_CXX_LIBRARY = "libc++";
				CLANG_ENABLE_MODULES = YES;
				CLANG_ENABLE_OBJC_ARC = YES;
				CLANG_ENABLE_OBJC_WEAK = YES;
				CLANG_WARN_BLOCK_CAPTURE_AUTORELEASING = YES;
				CLANG_WARN_BOOL_CONVERSION = YES;
				CLANG_WARN_COMMA = YES;
				CLANG_WARN_CONSTANT_CONVERSION = YES;
				CLANG_WARN_DEPRECATED_OBJC_IMPLEMENTATIONS = YES;
				CLANG_WARN_DIRECT_OBJC_ISA_USAGE = YES_ERROR;
				CLANG_WARN_DOCUMENTATION_COMMENTS = YES;
				CLANG_WARN_EMPTY_BODY = YES;
				CLANG_WARN_ENUM_CONVERSION = YES;
				CLANG_WARN_INFINITE_RECURSION = YES;
				CLANG_WARN_INT_CONVERSION = YES;
				CLANG_WARN_NON_LITERAL_NULL_CONVERSION = YES;
				CLANG_WARN_OBJC_IMPLICIT_RETAIN_SELF = YES;
				CLANG_WARN_OBJC_LITERAL_CONVERSION = YES;
				CLANG_WARN_OBJC_ROOT_CLASS = YES_ERROR;
				CLANG_WARN_RANGE_LOOP_ANALYSIS = YES;
				CLANG_WARN_STRICT_PROTOTYPES = YES;
				CLANG_WARN_SUSPICIOUS_MOVE = YES;
				CLANG_WARN_UNGUARDED_AVAILABILITY = YES_AGGRESSIVE;
				CLANG_WARN_UNREACHABLE_CODE = YES;
				CLANG_WARN__DUPLICATE_METHOD_MATCH = YES;
				CODE_SIGN_IDENTITY = "iPhone Developer";
				COPY_PHASE_STRIP = NO;
				DEBUG_INFORMATION_FORMAT = "dwarf-with-dsym";
				ENABLE_NS_ASSERTIONS = NO;
				ENABLE_STRICT_OBJC_MSGSEND = YES;
				GCC_C_LANGUAGE_STANDARD = gnu11;
				GCC_NO_COMMON_BLOCKS = YES;
				GCC_WARN_64_TO_32_BIT_CONVERSION = YES;
				GCC_WARN_ABOUT_RETURN_TYPE = YES_ERROR;
				GCC_WARN_UNDECLARED_SELECTOR = YES;
				GCC_WARN_UNINITIALIZED_AUTOS = YES_AGGRESSIVE;
				GCC_WARN_UNUSED_FUNCTION = YES;
				GCC_WARN_UNUSED_VARIABLE = YES;
				IPHONEOS_DEPLOYMENT_TARGET = 12.4;
				MTL_ENABLE_DEBUG_INFO = NO;
				MTL_FAST_MATH = YES;
				SDKROOT = iphoneos;
				VALIDATE_PRODUCT = YES;
			};
			name = Release;
		};
		7517836223151E1800AFCFC9 /* Debug */ = {
			isa = XCBuildConfiguration;
			buildSettings = {
				ASSETCATALOG_COMPILER_APPICON_NAME = AppIcon;
				CODE_SIGN_STYLE = Automatic;
				INFOPLIST_FILE = "内存管理1/Info.plist";
				LD_RUNPATH_SEARCH_PATHS = (
					"$(inherited)",
					"@executable_path/Frameworks",
				);
				PRODUCT_BUNDLE_IDENTIFIER = "Home.----1";
				PRODUCT_NAME = "$(TARGET_NAME)";
				TARGETED_DEVICE_FAMILY = "1,2";
			};
			name = Debug;
		};
		7517836323151E1800AFCFC9 /* Release */ = {
			isa = XCBuildConfiguration;
			buildSettings = {
				ASSETCATALOG_COMPILER_APPICON_NAME = AppIcon;
				CODE_SIGN_STYLE = Automatic;
				INFOPLIST_FILE = "内存管理1/Info.plist";
				LD_RUNPATH_SEARCH_PATHS = (
					"$(inherited)",
					"@executable_path/Frameworks",
				);
				PRODUCT_BUNDLE_IDENTIFIER = "Home.----1";
				PRODUCT_NAME = "$(TARGET_NAME)";
				TARGETED_DEVICE_FAMILY = "1,2";
			};
			name = Release;
		};
/* End XCBuildConfiguration section */

/* Begin XCConfigurationList section */
		7517834623151E1400AFCFC9 /* Build configuration list for PBXProject "内存管理1" */ = {
			isa = XCConfigurationList;
			buildConfigurations = (
				7517835F23151E1800AFCFC9 /* Debug */,
				7517836023151E1800AFCFC9 /* Release */,
			);
			defaultConfigurationIsVisible = 0;
			defaultConfigurationName = Release;
		};
		7517836123151E1800AFCFC9 /* Build configuration list for PBXNativeTarget "内存管理1" */ = {
			isa = XCConfigurationList;
			buildConfigurations = (
				7517836223151E1800AFCFC9 /* Debug */,
				7517836323151E1800AFCFC9 /* Release */,
			);
			defaultConfigurationIsVisible = 0;
			defaultConfigurationName = Release;
		};
/* End XCConfigurationList section */
	};
	rootObject = 7517834323151E1400AFCFC9 /* Project object */;
}
